// !$*UTF8*$!
{
	archiveVersion = 1;
	classes = {
	};
	objectVersion = 50;
	objects = {

/* Begin PBXBuildFile section */
		07606AF12478C0AF0065BE05 /* main.swift in Sources */ = {isa = PBXBuildFile; fileRef = 07606AF02478C0AF0065BE05 /* main.swift */; };
		07606AFE2478C7D40065BE05 /* main.c in Sources */ = {isa = PBXBuildFile; fileRef = 07606AFD2478C7D40065BE05 /* main.c */; };
		07606B09247906C80065BE05 /* main.c in Sources */ = {isa = PBXBuildFile; fileRef = 07606B08247906C80065BE05 /* main.c */; };
		07606B1424790A810065BE05 /* main.c in Sources */ = {isa = PBXBuildFile; fileRef = 07606B1324790A810065BE05 /* main.c */; };
		07606B1F247914840065BE05 /* main.c in Sources */ = {isa = PBXBuildFile; fileRef = 07606B1E247914840065BE05 /* main.c */; };
		07606B2A247A5F650065BE05 /* main.c in Sources */ = {isa = PBXBuildFile; fileRef = 07606B29247A5F650065BE05 /* main.c */; };
/* End PBXBuildFile section */

/* Begin PBXCopyFilesBuildPhase section */
		07606AEB2478C0AF0065BE05 /* CopyFiles */ = {
			isa = PBXCopyFilesBuildPhase;
			buildActionMask = 2147483647;
			dstPath = /usr/share/man/man1/;
			dstSubfolderSpec = 0;
			files = (
			);
			runOnlyForDeploymentPostprocessing = 1;
		};
		07606AF92478C7D40065BE05 /* CopyFiles */ = {
			isa = PBXCopyFilesBuildPhase;
			buildActionMask = 2147483647;
			dstPath = /usr/share/man/man1/;
			dstSubfolderSpec = 0;
			files = (
			);
			runOnlyForDeploymentPostprocessing = 1;
		};
		07606B04247906C80065BE05 /* CopyFiles */ = {
			isa = PBXCopyFilesBuildPhase;
			buildActionMask = 2147483647;
			dstPath = /usr/share/man/man1/;
			dstSubfolderSpec = 0;
			files = (
			);
			runOnlyForDeploymentPostprocessing = 1;
		};
		07606B0F24790A810065BE05 /* CopyFiles */ = {
			isa = PBXCopyFilesBuildPhase;
			buildActionMask = 2147483647;
			dstPath = /usr/share/man/man1/;
			dstSubfolderSpec = 0;
			files = (
			);
			runOnlyForDeploymentPostprocessing = 1;
		};
		07606B1A247914840065BE05 /* CopyFiles */ = {
			isa = PBXCopyFilesBuildPhase;
			buildActionMask = 2147483647;
			dstPath = /usr/share/man/man1/;
			dstSubfolderSpec = 0;
			files = (
			);
			runOnlyForDeploymentPostprocessing = 1;
		};
		07606B25247A5F650065BE05 /* CopyFiles */ = {
			isa = PBXCopyFilesBuildPhase;
			buildActionMask = 2147483647;
			dstPath = /usr/share/man/man1/;
			dstSubfolderSpec = 0;
			files = (
			);
			runOnlyForDeploymentPostprocessing = 1;
		};
/* End PBXCopyFilesBuildPhase section */

/* Begin PBXFileReference section */
		07606AED2478C0AF0065BE05 /* 018-排序 */ = {isa = PBXFileReference; explicitFileType = "compiled.mach-o.executable"; includeInIndex = 0; path = "018-排序"; sourceTree = BUILT_PRODUCTS_DIR; };
		07606AF02478C0AF0065BE05 /* main.swift */ = {isa = PBXFileReference; lastKnownFileType = sourcecode.swift; path = main.swift; sourceTree = "<group>"; };
		07606AFB2478C7D40065BE05 /* 冒泡排序 */ = {isa = PBXFileReference; explicitFileType = "compiled.mach-o.executable"; includeInIndex = 0; path = "冒泡排序"; sourceTree = BUILT_PRODUCTS_DIR; };
		07606AFD2478C7D40065BE05 /* main.c */ = {isa = PBXFileReference; lastKnownFileType = sourcecode.c.c; path = main.c; sourceTree = "<group>"; };
		07606B06247906C80065BE05 /* 选择排序 */ = {isa = PBXFileReference; explicitFileType = "compiled.mach-o.executable"; includeInIndex = 0; path = "选择排序"; sourceTree = BUILT_PRODUCTS_DIR; };
		07606B08247906C80065BE05 /* main.c */ = {isa = PBXFileReference; lastKnownFileType = sourcecode.c.c; path = main.c; sourceTree = "<group>"; };
		07606B1124790A810065BE05 /* 插入排序 */ = {isa = PBXFileReference; explicitFileType = "compiled.mach-o.executable"; includeInIndex = 0; path = "插入排序"; sourceTree = BUILT_PRODUCTS_DIR; };
		07606B1324790A810065BE05 /* main.c */ = {isa = PBXFileReference; lastKnownFileType = sourcecode.c.c; path = main.c; sourceTree = "<group>"; };
		07606B1C247914840065BE05 /* 希尔排序 */ = {isa = PBXFileReference; explicitFileType = "compiled.mach-o.executable"; includeInIndex = 0; path = "希尔排序"; sourceTree = BUILT_PRODUCTS_DIR; };
		07606B1E247914840065BE05 /* main.c */ = {isa = PBXFileReference; lastKnownFileType = sourcecode.c.c; path = main.c; sourceTree = "<group>"; };
		07606B27247A5F650065BE05 /* 堆排序 */ = {isa = PBXFileReference; explicitFileType = "compiled.mach-o.executable"; includeInIndex = 0; path = "堆排序"; sourceTree = BUILT_PRODUCTS_DIR; };
		07606B29247A5F650065BE05 /* main.c */ = {isa = PBXFileReference; lastKnownFileType = sourcecode.c.c; path = main.c; sourceTree = "<group>"; };
/* End PBXFileReference section */

/* Begin PBXFrameworksBuildPhase section */
		07606AEA2478C0AF0065BE05 /* Frameworks */ = {
			isa = PBXFrameworksBuildPhase;
			buildActionMask = 2147483647;
			files = (
			);
			runOnlyForDeploymentPostprocessing = 0;
		};
		07606AF82478C7D40065BE05 /* Frameworks */ = {
			isa = PBXFrameworksBuildPhase;
			buildActionMask = 2147483647;
			files = (
			);
			runOnlyForDeploymentPostprocessing = 0;
		};
		07606B03247906C80065BE05 /* Frameworks */ = {
			isa = PBXFrameworksBuildPhase;
			buildActionMask = 2147483647;
			files = (
			);
			runOnlyForDeploymentPostprocessing = 0;
		};
		07606B0E24790A810065BE05 /* Frameworks */ = {
			isa = PBXFrameworksBuildPhase;
			buildActionMask = 2147483647;
			files = (
			);
			runOnlyForDeploymentPostprocessing = 0;
		};
		07606B19247914840065BE05 /* Frameworks */ = {
			isa = PBXFrameworksBuildPhase;
			buildActionMask = 2147483647;
			files = (
			);
			runOnlyForDeploymentPostprocessing = 0;
		};
		07606B24247A5F650065BE05 /* Frameworks */ = {
			isa = PBXFrameworksBuildPhase;
			buildActionMask = 2147483647;
			files = (
			);
			runOnlyForDeploymentPostprocessing = 0;
		};
/* End PBXFrameworksBuildPhase section */

/* Begin PBXGroup section */
		07606AE42478C0AF0065BE05 = {
			isa = PBXGroup;
			children = (
				07606AEF2478C0AF0065BE05 /* 018-排序 */,
				07606AFC2478C7D40065BE05 /* 冒泡排序 */,
				07606B07247906C80065BE05 /* 选择排序 */,
				07606B1224790A810065BE05 /* 插入排序 */,
				07606B1D247914840065BE05 /* 希尔排序 */,
				07606B28247A5F650065BE05 /* 堆排序 */,
				07606AEE2478C0AF0065BE05 /* Products */,
			);
			sourceTree = "<group>";
		};
		07606AEE2478C0AF0065BE05 /* Products */ = {
			isa = PBXGroup;
			children = (
				07606AED2478C0AF0065BE05 /* 018-排序 */,
				07606AFB2478C7D40065BE05 /* 冒泡排序 */,
				07606B06247906C80065BE05 /* 选择排序 */,
				07606B1124790A810065BE05 /* 插入排序 */,
				07606B1C247914840065BE05 /* 希尔排序 */,
				07606B27247A5F650065BE05 /* 堆排序 */,
			);
			name = Products;
			sourceTree = "<group>";
		};
		07606AEF2478C0AF0065BE05 /* 018-排序 */ = {
			isa = PBXGroup;
			children = (
				07606AF02478C0AF0065BE05 /* main.swift */,
			);
			path = "018-排序";
			sourceTree = "<group>";
		};
		07606AFC2478C7D40065BE05 /* 冒泡排序 */ = {
			isa = PBXGroup;
			children = (
				07606AFD2478C7D40065BE05 /* main.c */,
			);
			path = "冒泡排序";
			sourceTree = "<group>";
		};
		07606B07247906C80065BE05 /* 选择排序 */ = {
			isa = PBXGroup;
			children = (
				07606B08247906C80065BE05 /* main.c */,
			);
			path = "选择排序";
			sourceTree = "<group>";
		};
		07606B1224790A810065BE05 /* 插入排序 */ = {
			isa = PBXGroup;
			children = (
				07606B1324790A810065BE05 /* main.c */,
			);
			path = "插入排序";
			sourceTree = "<group>";
		};
		07606B1D247914840065BE05 /* 希尔排序 */ = {
			isa = PBXGroup;
			children = (
				07606B1E247914840065BE05 /* main.c */,
			);
			path = "希尔排序";
			sourceTree = "<group>";
		};
		07606B28247A5F650065BE05 /* 堆排序 */ = {
			isa = PBXGroup;
			children = (
				07606B29247A5F650065BE05 /* main.c */,
			);
			path = "堆排序";
			sourceTree = "<group>";
		};
/* End PBXGroup section */

/* Begin PBXNativeTarget section */
		07606AEC2478C0AF0065BE05 /* 018-排序 */ = {
			isa = PBXNativeTarget;
			buildConfigurationList = 07606AF42478C0AF0065BE05 /* Build configuration list for PBXNativeTarget "018-排序" */;
			buildPhases = (
				07606AE92478C0AF0065BE05 /* Sources */,
				07606AEA2478C0AF0065BE05 /* Frameworks */,
				07606AEB2478C0AF0065BE05 /* CopyFiles */,
			);
			buildRules = (
			);
			dependencies = (
			);
			name = "018-排序";
			productName = "018-排序";
			productReference = 07606AED2478C0AF0065BE05 /* 018-排序 */;
			productType = "com.apple.product-type.tool";
		};
		07606AFA2478C7D40065BE05 /* 冒泡排序 */ = {
			isa = PBXNativeTarget;
			buildConfigurationList = 07606AFF2478C7D40065BE05 /* Build configuration list for PBXNativeTarget "冒泡排序" */;
			buildPhases = (
				07606AF72478C7D40065BE05 /* Sources */,
				07606AF82478C7D40065BE05 /* Frameworks */,
				07606AF92478C7D40065BE05 /* CopyFiles */,
			);
			buildRules = (
			);
			dependencies = (
			);
			name = "冒泡排序";
			productName = "冒泡排序";
			productReference = 07606AFB2478C7D40065BE05 /* 冒泡排序 */;
			productType = "com.apple.product-type.tool";
		};
		07606B05247906C80065BE05 /* 选择排序 */ = {
			isa = PBXNativeTarget;
			buildConfigurationList = 07606B0A247906C80065BE05 /* Build configuration list for PBXNativeTarget "选择排序" */;
			buildPhases = (
				07606B02247906C80065BE05 /* Sources */,
				07606B03247906C80065BE05 /* Frameworks */,
				07606B04247906C80065BE05 /* CopyFiles */,
			);
			buildRules = (
			);
			dependencies = (
			);
			name = "选择排序";
			productName = "选择排序";
			productReference = 07606B06247906C80065BE05 /* 选择排序 */;
			productType = "com.apple.product-type.tool";
		};
		07606B1024790A810065BE05 /* 插入排序 */ = {
			isa = PBXNativeTarget;
			buildConfigurationList = 07606B1524790A810065BE05 /* Build configuration list for PBXNativeTarget "插入排序" */;
			buildPhases = (
				07606B0D24790A810065BE05 /* Sources */,
				07606B0E24790A810065BE05 /* Frameworks */,
				07606B0F24790A810065BE05 /* CopyFiles */,
			);
			buildRules = (
			);
			dependencies = (
			);
			name = "插入排序";
			productName = "插入排序";
			productReference = 07606B1124790A810065BE05 /* 插入排序 */;
			productType = "com.apple.product-type.tool";
		};
		07606B1B247914840065BE05 /* 希尔排序 */ = {
			isa = PBXNativeTarget;
			buildConfigurationList = 07606B20247914840065BE05 /* Build configuration list for PBXNativeTarget "希尔排序" */;
			buildPhases = (
				07606B18247914840065BE05 /* Sources */,
				07606B19247914840065BE05 /* Frameworks */,
				07606B1A247914840065BE05 /* CopyFiles */,
			);
			buildRules = (
			);
			dependencies = (
			);
			name = "希尔排序";
			productName = "希尔排序";
			productReference = 07606B1C247914840065BE05 /* 希尔排序 */;
			productType = "com.apple.product-type.tool";
		};
		07606B26247A5F650065BE05 /* 堆排序 */ = {
			isa = PBXNativeTarget;
			buildConfigurationList = 07606B2B247A5F650065BE05 /* Build configuration list for PBXNativeTarget "堆排序" */;
			buildPhases = (
				07606B23247A5F650065BE05 /* Sources */,
				07606B24247A5F650065BE05 /* Frameworks */,
				07606B25247A5F650065BE05 /* CopyFiles */,
			);
			buildRules = (
			);
			dependencies = (
			);
			name = "堆排序";
			productName = "堆排序";
			productReference = 07606B27247A5F650065BE05 /* 堆排序 */;
			productType = "com.apple.product-type.tool";
		};
/* End PBXNativeTarget section */

/* Begin PBXProject section */
		07606AE52478C0AF0065BE05 /* Project object */ = {
			isa = PBXProject;
			attributes = {
				LastSwiftUpdateCheck = 1140;
				LastUpgradeCheck = 1140;
				ORGANIZATIONNAME = leeyii;
				TargetAttributes = {
					07606AEC2478C0AF0065BE05 = {
						CreatedOnToolsVersion = 11.4.1;
					};
					07606AFA2478C7D40065BE05 = {
						CreatedOnToolsVersion = 11.4.1;
					};
					07606B05247906C80065BE05 = {
						CreatedOnToolsVersion = 11.4.1;
					};
					07606B1024790A810065BE05 = {
						CreatedOnToolsVersion = 11.4.1;
					};
					07606B1B247914840065BE05 = {
						CreatedOnToolsVersion = 11.4.1;
					};
					07606B26247A5F650065BE05 = {
						CreatedOnToolsVersion = 11.4.1;
					};
				};
			};
			buildConfigurationList = 07606AE82478C0AF0065BE05 /* Build configuration list for PBXProject "018-排序" */;
			compatibilityVersion = "Xcode 9.3";
			developmentRegion = en;
			hasScannedForEncodings = 0;
			knownRegions = (
				en,
				Base,
			);
			mainGroup = 07606AE42478C0AF0065BE05;
			productRefGroup = 07606AEE2478C0AF0065BE05 /* Products */;
			projectDirPath = "";
			projectRoot = "";
			targets = (
				07606AEC2478C0AF0065BE05 /* 018-排序 */,
				07606AFA2478C7D40065BE05 /* 冒泡排序 */,
				07606B05247906C80065BE05 /* 选择排序 */,
				07606B1024790A810065BE05 /* 插入排序 */,
				07606B1B247914840065BE05 /* 希尔排序 */,
				07606B26247A5F650065BE05 /* 堆排序 */,
			);
		};
/* End PBXProject section */

/* Begin PBXSourcesBuildPhase section */
		07606AE92478C0AF0065BE05 /* Sources */ = {
			isa = PBXSourcesBuildPhase;
			buildActionMask = 2147483647;
			files = (
				07606AF12478C0AF0065BE05 /* main.swift in Sources */,
			);
			runOnlyForDeploymentPostprocessing = 0;
		};
		07606AF72478C7D40065BE05 /* Sources */ = {
			isa = PBXSourcesBuildPhase;
			buildActionMask = 2147483647;
			files = (
				07606AFE2478C7D40065BE05 /* main.c in Sources */,
			);
			runOnlyForDeploymentPostprocessing = 0;
		};
		07606B02247906C80065BE05 /* Sources */ = {
			isa = PBXSourcesBuildPhase;
			buildActionMask = 2147483647;
			files = (
				07606B09247906C80065BE05 /* main.c in Sources */,
			);
			runOnlyForDeploymentPostprocessing = 0;
		};
		07606B0D24790A810065BE05 /* Sources */ = {
			isa = PBXSourcesBuildPhase;
			buildActionMask = 2147483647;
			files = (
				07606B1424790A810065BE05 /* main.c in Sources */,
			);
			runOnlyForDeploymentPostprocessing = 0;
		};
		07606B18247914840065BE05 /* Sources */ = {
			isa = PBXSourcesBuildPhase;
			buildActionMask = 2147483647;
			files = (
				07606B1F247914840065BE05 /* main.c in Sources */,
			);
			runOnlyForDeploymentPostprocessing = 0;
		};
		07606B23247A5F650065BE05 /* Sources */ = {
			isa = PBXSourcesBuildPhase;
			buildActionMask = 2147483647;
			files = (
				07606B2A247A5F650065BE05 /* main.c in Sources */,
			);
			runOnlyForDeploymentPostprocessing = 0;
		};
/* End PBXSourcesBuildPhase section */

/* Begin XCBuildConfiguration section */
		07606AF22478C0AF0065BE05 /* Debug */ = {
			isa = XCBuildConfiguration;
			buildSettings = {
				ALWAYS_SEARCH_USER_PATHS = NO;
				CLANG_ANALYZER_NONNULL = YES;
				CLANG_ANALYZER_NUMBER_OBJECT_CONVERSION = YES_AGGRESSIVE;
				CLANG_CXX_LANGUAGE_STANDARD = "gnu++14";
				CLANG_CXX_LIBRARY = "libc++";
				CLANG_ENABLE_MODULES = YES;
				CLANG_ENABLE_OBJC_ARC = YES;
				CLANG_ENABLE_OBJC_WEAK = YES;
				CLANG_WARN_BLOCK_CAPTURE_AUTORELEASING = YES;
				CLANG_WARN_BOOL_CONVERSION = YES;
				CLANG_WARN_COMMA = YES;
				CLANG_WARN_CONSTANT_CONVERSION = YES;
				CLANG_WARN_DEPRECATED_OBJC_IMPLEMENTATIONS = YES;
				CLANG_WARN_DIRECT_OBJC_ISA_USAGE = YES_ERROR;
				CLANG_WARN_DOCUMENTATION_COMMENTS = YES;
				CLANG_WARN_EMPTY_BODY = YES;
				CLANG_WARN_ENUM_CONVERSION = YES;
				CLANG_WARN_INFINITE_RECURSION = YES;
				CLANG_WARN_INT_CONVERSION = YES;
				CLANG_WARN_NON_LITERAL_NULL_CONVERSION = YES;
				CLANG_WARN_OBJC_IMPLICIT_RETAIN_SELF = YES;
				CLANG_WARN_OBJC_LITERAL_CONVERSION = YES;
				CLANG_WARN_OBJC_ROOT_CLASS = YES_ERROR;
				CLANG_WARN_RANGE_LOOP_ANALYSIS = YES;
				CLANG_WARN_STRICT_PROTOTYPES = YES;
				CLANG_WARN_SUSPICIOUS_MOVE = YES;
				CLANG_WARN_UNGUARDED_AVAILABILITY = YES_AGGRESSIVE;
				CLANG_WARN_UNREACHABLE_CODE = YES;
				CLANG_WARN__DUPLICATE_METHOD_MATCH = YES;
				COPY_PHASE_STRIP = NO;
				DEBUG_INFORMATION_FORMAT = dwarf;
				ENABLE_STRICT_OBJC_MSGSEND = YES;
				ENABLE_TESTABILITY = YES;
				GCC_C_LANGUAGE_STANDARD = gnu11;
				GCC_DYNAMIC_NO_PIC = NO;
				GCC_NO_COMMON_BLOCKS = YES;
				GCC_OPTIMIZATION_LEVEL = 0;
				GCC_PREPROCESSOR_DEFINITIONS = (
					"DEBUG=1",
					"$(inherited)",
				);
				GCC_WARN_64_TO_32_BIT_CONVERSION = YES;
				GCC_WARN_ABOUT_RETURN_TYPE = YES_ERROR;
				GCC_WARN_UNDECLARED_SELECTOR = YES;
				GCC_WARN_UNINITIALIZED_AUTOS = YES_AGGRESSIVE;
				GCC_WARN_UNUSED_FUNCTION = YES;
				GCC_WARN_UNUSED_VARIABLE = YES;
				MACOSX_DEPLOYMENT_TARGET = 10.15;
				MTL_ENABLE_DEBUG_INFO = INCLUDE_SOURCE;
				MTL_FAST_MATH = YES;
				ONLY_ACTIVE_ARCH = YES;
				SDKROOT = macosx;
				SWIFT_ACTIVE_COMPILATION_CONDITIONS = DEBUG;
				SWIFT_OPTIMIZATION_LEVEL = "-Onone";
			};
			name = Debug;
		};
		07606AF32478C0AF0065BE05 /* Release */ = {
			isa = XCBuildConfiguration;
			buildSettings = {
				ALWAYS_SEARCH_USER_PATHS = NO;
				CLANG_ANALYZER_NONNULL = YES;
				CLANG_ANALYZER_NUMBER_OBJECT_CONVERSION = YES_AGGRESSIVE;
				CLANG_CXX_LANGUAGE_STANDARD = "gnu++14";
				CLANG_CXX_LIBRARY = "libc++";
				CLANG_ENABLE_MODULES = YES;
				CLANG_ENABLE_OBJC_ARC = YES;
				CLANG_ENABLE_OBJC_WEAK = YES;
				CLANG_WARN_BLOCK_CAPTURE_AUTORELEASING = YES;
				CLANG_WARN_BOOL_CONVERSION = YES;
				CLANG_WARN_COMMA = YES;
				CLANG_WARN_CONSTANT_CONVERSION = YES;
				CLANG_WARN_DEPRECATED_OBJC_IMPLEMENTATIONS = YES;
				CLANG_WARN_DIRECT_OBJC_ISA_USAGE = YES_ERROR;
				CLANG_WARN_DOCUMENTATION_COMMENTS = YES;
				CLANG_WARN_EMPTY_BODY = YES;
				CLANG_WARN_ENUM_CONVERSION = YES;
				CLANG_WARN_INFINITE_RECURSION = YES;
				CLANG_WARN_INT_CONVERSION = YES;
				CLANG_WARN_NON_LITERAL_NULL_CONVERSION = YES;
				CLANG_WARN_OBJC_IMPLICIT_RETAIN_SELF = YES;
				CLANG_WARN_OBJC_LITERAL_CONVERSION = YES;
				CLANG_WARN_OBJC_ROOT_CLASS = YES_ERROR;
				CLANG_WARN_RANGE_LOOP_ANALYSIS = YES;
				CLANG_WARN_STRICT_PROTOTYPES = YES;
				CLANG_WARN_SUSPICIOUS_MOVE = YES;
				CLANG_WARN_UNGUARDED_AVAILABILITY = YES_AGGRESSIVE;
				CLANG_WARN_UNREACHABLE_CODE = YES;
				CLANG_WARN__DUPLICATE_METHOD_MATCH = YES;
				COPY_PHASE_STRIP = NO;
				DEBUG_INFORMATION_FORMAT = "dwarf-with-dsym";
				ENABLE_NS_ASSERTIONS = NO;
				ENABLE_STRICT_OBJC_MSGSEND = YES;
				GCC_C_LANGUAGE_STANDARD = gnu11;
				GCC_NO_COMMON_BLOCKS = YES;
				GCC_WARN_64_TO_32_BIT_CONVERSION = YES;
				GCC_WARN_ABOUT_RETURN_TYPE = YES_ERROR;
				GCC_WARN_UNDECLARED_SELECTOR = YES;
				GCC_WARN_UNINITIALIZED_AUTOS = YES_AGGRESSIVE;
				GCC_WARN_UNUSED_FUNCTION = YES;
				GCC_WARN_UNUSED_VARIABLE = YES;
				MACOSX_DEPLOYMENT_TARGET = 10.15;
				MTL_ENABLE_DEBUG_INFO = NO;
				MTL_FAST_MATH = YES;
				SDKROOT = macosx;
				SWIFT_COMPILATION_MODE = wholemodule;
				SWIFT_OPTIMIZATION_LEVEL = "-O";
			};
			name = Release;
		};
		07606AF52478C0AF0065BE05 /* Debug */ = {
			isa = XCBuildConfiguration;
			buildSettings = {
				CODE_SIGN_STYLE = Automatic;
				DEVELOPMENT_TEAM = KVUQLH6ZXA;
				ENABLE_HARDENED_RUNTIME = YES;
				PRODUCT_NAME = "$(TARGET_NAME)";
				SWIFT_VERSION = 5.0;
			};
			name = Debug;
		};
		07606AF62478C0AF0065BE05 /* Release */ = {
			isa = XCBuildConfiguration;
			buildSettings = {
				CODE_SIGN_STYLE = Automatic;
				DEVELOPMENT_TEAM = KVUQLH6ZXA;
				ENABLE_HARDENED_RUNTIME = YES;
				PRODUCT_NAME = "$(TARGET_NAME)";
				SWIFT_VERSION = 5.0;
			};
			name = Release;
		};
		07606B002478C7D40065BE05 /* Debug */ = {
			isa = XCBuildConfiguration;
			buildSettings = {
				CODE_SIGN_STYLE = Automatic;
				DEVELOPMENT_TEAM = KVUQLH6ZXA;
				ENABLE_HARDENED_RUNTIME = YES;
				PRODUCT_NAME = "$(TARGET_NAME)";
			};
			name = Debug;
		};
		07606B012478C7D40065BE05 /* Release */ = {
			isa = XCBuildConfiguration;
			buildSettings = {
				CODE_SIGN_STYLE = Automatic;
				DEVELOPMENT_TEAM = KVUQLH6ZXA;
				ENABLE_HARDENED_RUNTIME = YES;
				PRODUCT_NAME = "$(TARGET_NAME)";
			};
			name = Release;
		};
		07606B0B247906C80065BE05 /* Debug */ = {
			isa = XCBuildConfiguration;
			buildSettings = {
				CODE_SIGN_STYLE = Automatic;
				DEVELOPMENT_TEAM = KVUQLH6ZXA;
				ENABLE_HARDENED_RUNTIME = YES;
				PRODUCT_NAME = "$(TARGET_NAME)";
			};
			name = Debug;
		};
		07606B0C247906C80065BE05 /* Release */ = {
			isa = XCBuildConfiguration;
			buildSettings = {
				CODE_SIGN_STYLE = Automatic;
				DEVELOPMENT_TEAM = KVUQLH6ZXA;
				ENABLE_HARDENED_RUNTIME = YES;
				PRODUCT_NAME = "$(TARGET_NAME)";
			};
			name = Release;
		};
		07606B1624790A810065BE05 /* Debug */ = {
			isa = XCBuildConfiguration;
			buildSettings = {
				CODE_SIGN_STYLE = Automatic;
				DEVELOPMENT_TEAM = KVUQLH6ZXA;
				ENABLE_HARDENED_RUNTIME = YES;
				PRODUCT_NAME = "$(TARGET_NAME)";
			};
			name = Debug;
		};
		07606B1724790A810065BE05 /* Release */ = {
			isa = XCBuildConfiguration;
			buildSettings = {
				CODE_SIGN_STYLE = Automatic;
				DEVELOPMENT_TEAM = KVUQLH6ZXA;
				ENABLE_HARDENED_RUNTIME = YES;
				PRODUCT_NAME = "$(TARGET_NAME)";
			};
			name = Release;
		};
		07606B21247914840065BE05 /* Debug */ = {
			isa = XCBuildConfiguration;
			buildSettings = {
				CODE_SIGN_STYLE = Automatic;
				DEVELOPMENT_TEAM = KVUQLH6ZXA;
				ENABLE_HARDENED_RUNTIME = YES;
				PRODUCT_NAME = "$(TARGET_NAME)";
			};
			name = Debug;
		};
		07606B22247914840065BE05 /* Release */ = {
			isa = XCBuildConfiguration;
			buildSettings = {
				CODE_SIGN_STYLE = Automatic;
				DEVELOPMENT_TEAM = KVUQLH6ZXA;
				ENABLE_HARDENED_RUNTIME = YES;
				PRODUCT_NAME = "$(TARGET_NAME)";
			};
			name = Release;
		};
		07606B2C247A5F650065BE05 /* Debug */ = {
			isa = XCBuildConfiguration;
			buildSettings = {
				CODE_SIGN_STYLE = Automatic;
				DEVELOPMENT_TEAM = KVUQLH6ZXA;
				ENABLE_HARDENED_RUNTIME = YES;
				PRODUCT_NAME = "$(TARGET_NAME)";
			};
			name = Debug;
		};
		07606B2D247A5F650065BE05 /* Release */ = {
			isa = XCBuildConfiguration;
			buildSettings = {
				CODE_SIGN_STYLE = Automatic;
				DEVELOPMENT_TEAM = KVUQLH6ZXA;
				ENABLE_HARDENED_RUNTIME = YES;
				PRODUCT_NAME = "$(TARGET_NAME)";
			};
			name = Release;
		};
/* End XCBuildConfiguration section */

/* Begin XCConfigurationList section */
		07606AE82478C0AF0065BE05 /* Build configuration list for PBXProject "018-排序" */ = {
			isa = XCConfigurationList;
			buildConfigurations = (
				07606AF22478C0AF0065BE05 /* Debug */,
				07606AF32478C0AF0065BE05 /* Release */,
			);
			defaultConfigurationIsVisible = 0;
			defaultConfigurationName = Release;
		};
		07606AF42478C0AF0065BE05 /* Build configuration list for PBXNativeTarget "018-排序" */ = {
			isa = XCConfigurationList;
			buildConfigurations = (
				07606AF52478C0AF0065BE05 /* Debug */,
				07606AF62478C0AF0065BE05 /* Release */,
			);
			defaultConfigurationIsVisible = 0;
			defaultConfigurationName = Release;
		};
		07606AFF2478C7D40065BE05 /* Build configuration list for PBXNativeTarget "冒泡排序" */ = {
			isa = XCConfigurationList;
			buildConfigurations = (
				07606B002478C7D40065BE05 /* Debug */,
				07606B012478C7D40065BE05 /* Release */,
			);
			defaultConfigurationIsVisible = 0;
			defaultConfigurationName = Release;
		};
		07606B0A247906C80065BE05 /* Build configuration list for PBXNativeTarget "选择排序" */ = {
			isa = XCConfigurationList;
			buildConfigurations = (
				07606B0B247906C80065BE05 /* Debug */,
				07606B0C247906C80065BE05 /* Release */,
			);
			defaultConfigurationIsVisible = 0;
			defaultConfigurationName = Release;
		};
		07606B1524790A810065BE05 /* Build configuration list for PBXNativeTarget "插入排序" */ = {
			isa = XCConfigurationList;
			buildConfigurations = (
				07606B1624790A810065BE05 /* Debug */,
				07606B1724790A810065BE05 /* Release */,
			);
			defaultConfigurationIsVisible = 0;
			defaultConfigurationName = Release;
		};
		07606B20247914840065BE05 /* Build configuration list for PBXNativeTarget "希尔排序" */ = {
			isa = XCConfigurationList;
			buildConfigurations = (
				07606B21247914840065BE05 /* Debug */,
				07606B22247914840065BE05 /* Release */,
			);
			defaultConfigurationIsVisible = 0;
			defaultConfigurationName = Release;
		};
		07606B2B247A5F650065BE05 /* Build configuration list for PBXNativeTarget "堆排序" */ = {
			isa = XCConfigurationList;
			buildConfigurations = (
				07606B2C247A5F650065BE05 /* Debug */,
				07606B2D247A5F650065BE05 /* Release */,
			);
			defaultConfigurationIsVisible = 0;
			defaultConfigurationName = Release;
		};
/* End XCConfigurationList section */
	};
	rootObject = 07606AE52478C0AF0065BE05 /* Project object */;
}
